
Microsoft Visual Studio Solution File, Format Version 12.00
# Visual Studio Version 17
VisualStudioVersion = 17.13.35931.197 d17.13
MinimumVisualStudioVersion = 10.0.40219.1
Project("{FAE04EC0-301F-11D3-BF4B-00C04F79EFBC}") = "20250922_SecondProjectGitHub", "20250922_SecondProjectGitHub\20250922_SecondProjectGitHub.csproj", "{6814724B-D476-4387-A345-5E4B82A02C7C}"
EndProject
Global
	GlobalSection(SolutionConfigurationPlatforms) = preSolution
		Debug|Any CPU = Debug|Any CPU
		Release|Any CPU = Release|Any CPU
	EndGlobalSection
	GlobalSection(ProjectConfigurationPlatforms) = postSolution
		{6814724B-D476-4387-A345-5E4B82A02C7C}.Debug|Any CPU.ActiveCfg = Debug|Any CPU
		{6814724B-D476-4387-A345-5E4B82A02C7C}.Debug|Any CPU.Build.0 = Debug|Any CPU
		{6814724B-D476-4387-A345-5E4B82A02C7C}.Release|Any CPU.ActiveCfg = Release|Any CPU
		{6814724B-D476-4387-A345-5E4B82A02C7C}.Release|Any CPU.Build.0 = Release|Any CPU
	EndGlobalSection
	GlobalSection(SolutionProperties) = preSolution
		HideSolutionNode = FALSE
	EndGlobalSection
	GlobalSection(ExtensibilityGlobals) = postSolution
		SolutionGuid = {95975840-9458-40BF-AB5B-5AE3904F974C}
	EndGlobalSection
EndGlobal
